
Microsoft Visual Studio Solution File, Format Version 12.00
# Visual Studio Version 16
VisualStudioVersion = 16.0.31515.178
MinimumVisualStudioVersion = 10.0.40219.1
Project("{FAE04EC0-301F-11D3-BF4B-00C04F79EFBC}") = "CodeFirstApproachEF", "CodeFirstApproachEF\CodeFirstApproachEF.csproj", "{2AEE058C-1AB7-4FCA-A02E-B5FC71A5560F}"
EndProject
Global
	GlobalSection(SolutionConfigurationPlatforms) = preSolution
		Debug|Any CPU = Debug|Any CPU
		Release|Any CPU = Release|Any CPU
	EndGlobalSection
	GlobalSection(ProjectConfigurationPlatforms) = postSolution
		{2AEE058C-1AB7-4FCA-A02E-B5FC71A5560F}.Debug|Any CPU.ActiveCfg = Debug|Any CPU
		{2AEE058C-1AB7-4FCA-A02E-B5FC71A5560F}.Debug|Any CPU.Build.0 = Debug|Any CPU
		{2AEE058C-1AB7-4FCA-A02E-B5FC71A5560F}.Release|Any CPU.ActiveCfg = Release|Any CPU
		{2AEE058C-1AB7-4FCA-A02E-B5FC71A5560F}.Release|Any CPU.Build.0 = Release|Any CPU
	EndGlobalSection
	GlobalSection(SolutionProperties) = preSolution
		HideSolutionNode = FALSE
	EndGlobalSection
	GlobalSection(ExtensibilityGlobals) = postSolution
		SolutionGuid = {F237BF1F-7CD5-4A9F-87BC-125D294BB7DF}
	EndGlobalSection
EndGlobal
